{
  "name": "shelter",
  "version": "1.0.0",
  "lockfileVersion": 1,
  "requires": true,
  "dependencies": {
    "normalize.scss": {
      "version": "0.1.0",
      "resolved": "https://registry.npmjs.org/normalize.scss/-/normalize.scss-0.1.0.tgz",
      "integrity": "sha1-SiHcJb1MAZyFd4X4KbZYq6Ko+as="
    },
    "saas-npm": {
      "version": "1.3.14",
      "resolved": "https://registry.npmjs.org/saas-npm/-/saas-npm-1.3.14.tgz",
      "integrity": "sha512-oIi73emUgutPztdJHDJHiEC3udsiKAGQMDCN1KMAIcLpCT9AoAfRwIk1Kb+J60oqLxxT4pMTbJLIjrT/aeDkhQ=="
    }
  }
}
